// !$*UTF8*$!
{
	archiveVersion = 1;
	classes = {
	};
	objectVersion = 46;
	objects = {

/* Begin PBXBuildFile section */
		A32894271E4C51BA003453B6 /* AppDelegate.swift in Sources */ = {isa = PBXBuildFile; fileRef = A32894231E4C51BA003453B6 /* AppDelegate.swift */; };
		A32894281E4C51BA003453B6 /* Assets.xcassets in Resources */ = {isa = PBXBuildFile; fileRef = A32894241E4C51BA003453B6 /* Assets.xcassets */; };
		A32894291E4C51BA003453B6 /* Info.plist in Resources */ = {isa = PBXBuildFile; fileRef = A32894261E4C51BA003453B6 /* Info.plist */; };
		A328942B1E4C52BD003453B6 /* GRTabBarItem.swift in Sources */ = {isa = PBXBuildFile; fileRef = A328942A1E4C52BD003453B6 /* GRTabBarItem.swift */; };
		A328942D1E4C52D4003453B6 /* GRTabBar.swift in Sources */ = {isa = PBXBuildFile; fileRef = A328942C1E4C52D4003453B6 /* GRTabBar.swift */; };
		A328942F1E4C52FB003453B6 /* GRTabBarController.swift in Sources */ = {isa = PBXBuildFile; fileRef = A328942E1E4C52FB003453B6 /* GRTabBarController.swift */; };
		A32894321E4C5359003453B6 /* GRFirst_RootViewController.swift in Sources */ = {isa = PBXBuildFile; fileRef = A32894311E4C5359003453B6 /* GRFirst_RootViewController.swift */; };
		A32894341E4C536B003453B6 /* GRSecond_RootViewController.swift in Sources */ = {isa = PBXBuildFile; fileRef = A32894331E4C536B003453B6 /* GRSecond_RootViewController.swift */; };
		A32894361E4C537C003453B6 /* GRThird_RootViewController.swift in Sources */ = {isa = PBXBuildFile; fileRef = A32894351E4C537C003453B6 /* GRThird_RootViewController.swift */; };
		A32894381E4C5E97003453B6 /* RootTabViewController.swift in Sources */ = {isa = PBXBuildFile; fileRef = A32894371E4C5E97003453B6 /* RootTabViewController.swift */; };
		A328943E1E4D44EC003453B6 /* LaunchScreen.storyboard in Resources */ = {isa = PBXBuildFile; fileRef = A328943C1E4D44EC003453B6 /* LaunchScreen.storyboard */; };
		A32894421E4DA8CF003453B6 /* GRDetailViewController.swift in Sources */ = {isa = PBXBuildFile; fileRef = A32894411E4DA8CF003453B6 /* GRDetailViewController.swift */; };
		A3309F1F1E51973F005336B2 /* LICENSE in Resources */ = {isa = PBXBuildFile; fileRef = A3309F181E51973F005336B2 /* LICENSE */; };
		A3309F201E51973F005336B2 /* README.md in Sources */ = {isa = PBXBuildFile; fileRef = A3309F191E51973F005336B2 /* README.md */; };
		A3309F241E51973F005336B2 /* iPhone.png in Resources */ = {isa = PBXBuildFile; fileRef = A3309F1E1E51973F005336B2 /* iPhone.png */; };
		A3309F261E529630005336B2 /* iPhone-small.png in Resources */ = {isa = PBXBuildFile; fileRef = A3309F251E529630005336B2 /* iPhone-small.png */; };
		A3FF0FC91E4DABE200963412 /* UIViewController+Swizzle.swift in Sources */ = {isa = PBXBuildFile; fileRef = A3FF0FC81E4DABE200963412 /* UIViewController+Swizzle.swift */; };
/* End PBXBuildFile section */

/* Begin PBXFileReference section */
		A328940D1E4C46DC003453B6 /* GRTabBarController.app */ = {isa = PBXFileReference; explicitFileType = wrapper.application; includeInIndex = 0; path = GRTabBarController.app; sourceTree = BUILT_PRODUCTS_DIR; };
		A32894231E4C51BA003453B6 /* AppDelegate.swift */ = {isa = PBXFileReference; fileEncoding = 4; lastKnownFileType = sourcecode.swift; path = AppDelegate.swift; sourceTree = "<group>"; };
		A32894241E4C51BA003453B6 /* Assets.xcassets */ = {isa = PBXFileReference; lastKnownFileType = folder.assetcatalog; path = Assets.xcassets; sourceTree = "<group>"; };
		A32894261E4C51BA003453B6 /* Info.plist */ = {isa = PBXFileReference; fileEncoding = 4; lastKnownFileType = text.plist.xml; path = Info.plist; sourceTree = "<group>"; };
		A328942A1E4C52BD003453B6 /* GRTabBarItem.swift */ = {isa = PBXFileReference; fileEncoding = 4; lastKnownFileType = sourcecode.swift; path = GRTabBarItem.swift; sourceTree = "<group>"; };
		A328942C1E4C52D4003453B6 /* GRTabBar.swift */ = {isa = PBXFileReference; fileEncoding = 4; lastKnownFileType = sourcecode.swift; path = GRTabBar.swift; sourceTree = "<group>"; };
		A328942E1E4C52FB003453B6 /* GRTabBarController.swift */ = {isa = PBXFileReference; fileEncoding = 4; lastKnownFileType = sourcecode.swift; path = GRTabBarController.swift; sourceTree = "<group>"; };
		A32894311E4C5359003453B6 /* GRFirst_RootViewController.swift */ = {isa = PBXFileReference; fileEncoding = 4; lastKnownFileType = sourcecode.swift; path = GRFirst_RootViewController.swift; sourceTree = "<group>"; };
		A32894331E4C536B003453B6 /* GRSecond_RootViewController.swift */ = {isa = PBXFileReference; fileEncoding = 4; lastKnownFileType = sourcecode.swift; path = GRSecond_RootViewController.swift; sourceTree = "<group>"; };
		A32894351E4C537C003453B6 /* GRThird_RootViewController.swift */ = {isa = PBXFileReference; fileEncoding = 4; lastKnownFileType = sourcecode.swift; path = GRThird_RootViewController.swift; sourceTree = "<group>"; };
		A32894371E4C5E97003453B6 /* RootTabViewController.swift */ = {isa = PBXFileReference; fileEncoding = 4; lastKnownFileType = sourcecode.swift; path = RootTabViewController.swift; sourceTree = "<group>"; };
		A328943D1E4D44EC003453B6 /* Base */ = {isa = PBXFileReference; lastKnownFileType = file.storyboard; name = Base; path = LaunchScreen.storyboard; sourceTree = "<group>"; };
		A32894411E4DA8CF003453B6 /* GRDetailViewController.swift */ = {isa = PBXFileReference; fileEncoding = 4; lastKnownFileType = sourcecode.swift; path = GRDetailViewController.swift; sourceTree = "<group>"; };
		A3309F181E51973F005336B2 /* LICENSE */ = {isa = PBXFileReference; fileEncoding = 4; lastKnownFileType = text; path = LICENSE; sourceTree = "<group>"; };
		A3309F191E51973F005336B2 /* README.md */ = {isa = PBXFileReference; fileEncoding = 4; lastKnownFileType = net.daringfireball.markdown; path = README.md; sourceTree = "<group>"; };
		A3309F1E1E51973F005336B2 /* iPhone.png */ = {isa = PBXFileReference; lastKnownFileType = image.png; path = iPhone.png; sourceTree = "<group>"; };
		A3309F251E529630005336B2 /* iPhone-small.png */ = {isa = PBXFileReference; lastKnownFileType = image.png; path = "iPhone-small.png"; sourceTree = "<group>"; };
		A3FF0FC81E4DABE200963412 /* UIViewController+Swizzle.swift */ = {isa = PBXFileReference; fileEncoding = 4; lastKnownFileType = sourcecode.swift; path = "UIViewController+Swizzle.swift"; sourceTree = "<group>"; };
/* End PBXFileReference section */

/* Begin PBXFrameworksBuildPhase section */
		A328940A1E4C46DC003453B6 /* Frameworks */ = {
			isa = PBXFrameworksBuildPhase;
			buildActionMask = 2147483647;
			files = (
			);
			runOnlyForDeploymentPostprocessing = 0;
		};
/* End PBXFrameworksBuildPhase section */

/* Begin PBXGroup section */
		454F4E9653C132397554BD3F /* Frameworks */ = {
			isa = PBXGroup;
			children = (
			);
			name = Frameworks;
			sourceTree = "<group>";
		};
		A32894041E4C46DC003453B6 = {
			isa = PBXGroup;
			children = (
				A32894221E4C50F6003453B6 /* Example */,
				A328940F1E4C46DC003453B6 /* GRTabBarController */,
				A3309F181E51973F005336B2 /* LICENSE */,
				A3309F191E51973F005336B2 /* README.md */,
				A3309F1A1E51973F005336B2 /* Screenshots */,
				A328940E1E4C46DC003453B6 /* Products */,
				454F4E9653C132397554BD3F /* Frameworks */,
			);
			sourceTree = "<group>";
		};
		A328940E1E4C46DC003453B6 /* Products */ = {
			isa = PBXGroup;
			children = (
				A328940D1E4C46DC003453B6 /* GRTabBarController.app */,
			);
			name = Products;
			sourceTree = "<group>";
		};
		A328940F1E4C46DC003453B6 /* GRTabBarController */ = {
			isa = PBXGroup;
			children = (
				A328942A1E4C52BD003453B6 /* GRTabBarItem.swift */,
				A328942C1E4C52D4003453B6 /* GRTabBar.swift */,
				A328942E1E4C52FB003453B6 /* GRTabBarController.swift */,
				A3FF0FC81E4DABE200963412 /* UIViewController+Swizzle.swift */,
			);
			path = GRTabBarController;
			sourceTree = "<group>";
		};
		A32894221E4C50F6003453B6 /* Example */ = {
			isa = PBXGroup;
			children = (
				A32894301E4C5324003453B6 /* Controllers */,
				A32894231E4C51BA003453B6 /* AppDelegate.swift */,
				A32894241E4C51BA003453B6 /* Assets.xcassets */,
				A32894251E4C51BA003453B6 /* Base.lproj */,
				A32894261E4C51BA003453B6 /* Info.plist */,
			);
			path = Example;
			sourceTree = "<group>";
		};
		A32894251E4C51BA003453B6 /* Base.lproj */ = {
			isa = PBXGroup;
			children = (
				A328943C1E4D44EC003453B6 /* LaunchScreen.storyboard */,
			);
			path = Base.lproj;
			sourceTree = "<group>";
		};
		A32894301E4C5324003453B6 /* Controllers */ = {
			isa = PBXGroup;
			children = (
				A32894311E4C5359003453B6 /* GRFirst_RootViewController.swift */,
				A32894331E4C536B003453B6 /* GRSecond_RootViewController.swift */,
				A32894351E4C537C003453B6 /* GRThird_RootViewController.swift */,
				A32894371E4C5E97003453B6 /* RootTabViewController.swift */,
				A32894411E4DA8CF003453B6 /* GRDetailViewController.swift */,
			);
			path = Controllers;
			sourceTree = "<group>";
		};
		A3309F1A1E51973F005336B2 /* Screenshots */ = {
			isa = PBXGroup;
			children = (
				A3309F1E1E51973F005336B2 /* iPhone.png */,
				A3309F251E529630005336B2 /* iPhone-small.png */,
			);
			path = Screenshots;
			sourceTree = "<group>";
		};
/* End PBXGroup section */

/* Begin PBXNativeTarget section */
		A328940C1E4C46DC003453B6 /* GRTabBarController */ = {
			isa = PBXNativeTarget;
			buildConfigurationList = A328941F1E4C46DD003453B6 /* Build configuration list for PBXNativeTarget "GRTabBarController" */;
			buildPhases = (
				A32894091E4C46DC003453B6 /* Sources */,
				A328940A1E4C46DC003453B6 /* Frameworks */,
				A328940B1E4C46DC003453B6 /* Resources */,
			);
			buildRules = (
			);
			dependencies = (
			);
			name = GRTabBarController;
			productName = GRTabBarController;
			productReference = A328940D1E4C46DC003453B6 /* GRTabBarController.app */;
			productType = "com.apple.product-type.application";
		};
/* End PBXNativeTarget section */

/* Begin PBXProject section */
		A32894051E4C46DC003453B6 /* Project object */ = {
			isa = PBXProject;
			attributes = {
				LastSwiftUpdateCheck = 0820;
				LastUpgradeCheck = 0820;
				ORGANIZATIONNAME = GRSource;
				TargetAttributes = {
					A328940C1E4C46DC003453B6 = {
						CreatedOnToolsVersion = 8.2.1;
						DevelopmentTeam = 6XVY45KN56;
						LastSwiftMigration = 0820;
						ProvisioningStyle = Automatic;
					};
				};
			};
			buildConfigurationList = A32894081E4C46DC003453B6 /* Build configuration list for PBXProject "GRTabBarController" */;
			compatibilityVersion = "Xcode 3.2";
			developmentRegion = English;
			hasScannedForEncodings = 0;
			knownRegions = (
				en,
				Base,
			);
			mainGroup = A32894041E4C46DC003453B6;
			productRefGroup = A328940E1E4C46DC003453B6 /* Products */;
			projectDirPath = "";
			projectRoot = "";
			targets = (
				A328940C1E4C46DC003453B6 /* GRTabBarController */,
			);
		};
/* End PBXProject section */

/* Begin PBXResourcesBuildPhase section */
		A328940B1E4C46DC003453B6 /* Resources */ = {
			isa = PBXResourcesBuildPhase;
			buildActionMask = 2147483647;
			files = (
				A3309F241E51973F005336B2 /* iPhone.png in Resources */,
				A328943E1E4D44EC003453B6 /* LaunchScreen.storyboard in Resources */,
				A3309F261E529630005336B2 /* iPhone-small.png in Resources */,
				A32894291E4C51BA003453B6 /* Info.plist in Resources */,
				A3309F1F1E51973F005336B2 /* LICENSE in Resources */,
				A32894281E4C51BA003453B6 /* Assets.xcassets in Resources */,
			);
			runOnlyForDeploymentPostprocessing = 0;
		};
/* End PBXResourcesBuildPhase section */

/* Begin PBXSourcesBuildPhase section */
		A32894091E4C46DC003453B6 /* Sources */ = {
			isa = PBXSourcesBuildPhase;
			buildActionMask = 2147483647;
			files = (
				A32894381E4C5E97003453B6 /* RootTabViewController.swift in Sources */,
				A3FF0FC91E4DABE200963412 /* UIViewController+Swizzle.swift in Sources */,
				A32894361E4C537C003453B6 /* GRThird_RootViewController.swift in Sources */,
				A328942F1E4C52FB003453B6 /* GRTabBarController.swift in Sources */,
				A328942D1E4C52D4003453B6 /* GRTabBar.swift in Sources */,
				A32894421E4DA8CF003453B6 /* GRDetailViewController.swift in Sources */,
				A32894271E4C51BA003453B6 /* AppDelegate.swift in Sources */,
				A32894341E4C536B003453B6 /* GRSecond_RootViewController.swift in Sources */,
				A328942B1E4C52BD003453B6 /* GRTabBarItem.swift in Sources */,
				A3309F201E51973F005336B2 /* README.md in Sources */,
				A32894321E4C5359003453B6 /* GRFirst_RootViewController.swift in Sources */,
			);
			runOnlyForDeploymentPostprocessing = 0;
		};
/* End PBXSourcesBuildPhase section */

/* Begin PBXVariantGroup section */
		A328943C1E4D44EC003453B6 /* LaunchScreen.storyboard */ = {
			isa = PBXVariantGroup;
			children = (
				A328943D1E4D44EC003453B6 /* Base */,
			);
			name = LaunchScreen.storyboard;
			sourceTree = "<group>";
		};
/* End PBXVariantGroup section */

/* Begin XCBuildConfiguration section */
		A328941D1E4C46DD003453B6 /* Debug */ = {
			isa = XCBuildConfiguration;
			buildSettings = {
				ALWAYS_SEARCH_USER_PATHS = NO;
				CLANG_ANALYZER_NONNULL = YES;
				CLANG_CXX_LANGUAGE_STANDARD = "gnu++0x";
				CLANG_CXX_LIBRARY = "libc++";
				CLANG_ENABLE_MODULES = YES;
				CLANG_ENABLE_OBJC_ARC = YES;
				CLANG_WARN_BOOL_CONVERSION = YES;
				CLANG_WARN_CONSTANT_CONVERSION = YES;
				CLANG_WARN_DIRECT_OBJC_ISA_USAGE = YES_ERROR;
				CLANG_WARN_DOCUMENTATION_COMMENTS = YES;
				CLANG_WARN_EMPTY_BODY = YES;
				CLANG_WARN_ENUM_CONVERSION = YES;
				CLANG_WARN_INFINITE_RECURSION = YES;
				CLANG_WARN_INT_CONVERSION = YES;
				CLANG_WARN_OBJC_ROOT_CLASS = YES_ERROR;
				CLANG_WARN_SUSPICIOUS_MOVE = YES;
				CLANG_WARN_UNREACHABLE_CODE = YES;
				CLANG_WARN__DUPLICATE_METHOD_MATCH = YES;
				"CODE_SIGN_IDENTITY[sdk=iphoneos*]" = "iPhone Developer";
				COPY_PHASE_STRIP = NO;
				DEBUG_INFORMATION_FORMAT = dwarf;
				ENABLE_STRICT_OBJC_MSGSEND = YES;
				ENABLE_TESTABILITY = YES;
				GCC_C_LANGUAGE_STANDARD = gnu99;
				GCC_DYNAMIC_NO_PIC = NO;
				GCC_NO_COMMON_BLOCKS = YES;
				GCC_OPTIMIZATION_LEVEL = 0;
				GCC_PREPROCESSOR_DEFINITIONS = (
					"DEBUG=1",
					"$(inherited)",
				);
				GCC_WARN_64_TO_32_BIT_CONVERSION = YES;
				GCC_WARN_ABOUT_RETURN_TYPE = YES_ERROR;
				GCC_WARN_UNDECLARED_SELECTOR = YES;
				GCC_WARN_UNINITIALIZED_AUTOS = YES_AGGRESSIVE;
				GCC_WARN_UNUSED_FUNCTION = YES;
				GCC_WARN_UNUSED_VARIABLE = YES;
				IPHONEOS_DEPLOYMENT_TARGET = 10.2;
				MTL_ENABLE_DEBUG_INFO = YES;
				ONLY_ACTIVE_ARCH = YES;
				SDKROOT = iphoneos;
				SWIFT_ACTIVE_COMPILATION_CONDITIONS = DEBUG;
				SWIFT_OPTIMIZATION_LEVEL = "-Onone";
				TARGETED_DEVICE_FAMILY = "1,2";
			};
			name = Debug;
		};
		A328941E1E4C46DD003453B6 /* Release */ = {
			isa = XCBuildConfiguration;
			buildSettings = {
				ALWAYS_SEARCH_USER_PATHS = NO;
				CLANG_ANALYZER_NONNULL = YES;
				CLANG_CXX_LANGUAGE_STANDARD = "gnu++0x";
				CLANG_CXX_LIBRARY = "libc++";
				CLANG_ENABLE_MODULES = YES;
				CLANG_ENABLE_OBJC_ARC = YES;
				CLANG_WARN_BOOL_CONVERSION = YES;
				CLANG_WARN_CONSTANT_CONVERSION = YES;
				CLANG_WARN_DIRECT_OBJC_ISA_USAGE = YES_ERROR;
				CLANG_WARN_DOCUMENTATION_COMMENTS = YES;
				CLANG_WARN_EMPTY_BODY = YES;
				CLANG_WARN_ENUM_CONVERSION = YES;
				CLANG_WARN_INFINITE_RECURSION = YES;
				CLANG_WARN_INT_CONVERSION = YES;
				CLANG_WARN_OBJC_ROOT_CLASS = YES_ERROR;
				CLANG_WARN_SUSPICIOUS_MOVE = YES;
				CLANG_WARN_UNREACHABLE_CODE = YES;
				CLANG_WARN__DUPLICATE_METHOD_MATCH = YES;
				"CODE_SIGN_IDENTITY[sdk=iphoneos*]" = "iPhone Developer";
				COPY_PHASE_STRIP = NO;
				DEBUG_INFORMATION_FORMAT = "dwarf-with-dsym";
				ENABLE_NS_ASSERTIONS = NO;
				ENABLE_STRICT_OBJC_MSGSEND = YES;
				GCC_C_LANGUAGE_STANDARD = gnu99;
				GCC_NO_COMMON_BLOCKS = YES;
				GCC_WARN_64_TO_32_BIT_CONVERSION = YES;
				GCC_WARN_ABOUT_RETURN_TYPE = YES_ERROR;
				GCC_WARN_UNDECLARED_SELECTOR = YES;
				GCC_WARN_UNINITIALIZED_AUTOS = YES_AGGRESSIVE;
				GCC_WARN_UNUSED_FUNCTION = YES;
				GCC_WARN_UNUSED_VARIABLE = YES;
				IPHONEOS_DEPLOYMENT_TARGET = 10.2;
				MTL_ENABLE_DEBUG_INFO = NO;
				SDKROOT = iphoneos;
				SWIFT_OPTIMIZATION_LEVEL = "-Owholemodule";
				TARGETED_DEVICE_FAMILY = "1,2";
				VALIDATE_PRODUCT = YES;
			};
			name = Release;
		};
		A32894201E4C46DD003453B6 /* Debug */ = {
			isa = XCBuildConfiguration;
			buildSettings = {
				ASSETCATALOG_COMPILER_APPICON_NAME = AppIcon;
				CLANG_ENABLE_MODULES = YES;
				DEVELOPMENT_TEAM = 6XVY45KN56;
				INFOPLIST_FILE = Example/Info.plist;
				IPHONEOS_DEPLOYMENT_TARGET = 8.0;
				LD_RUNPATH_SEARCH_PATHS = "$(inherited) @executable_path/Frameworks";
				PRODUCT_BUNDLE_IDENTIFIER = com.GRSource.GRTabBarController;
				PRODUCT_NAME = "$(TARGET_NAME)";
				SWIFT_OPTIMIZATION_LEVEL = "-Onone";
				SWIFT_VERSION = 3.0;
			};
			name = Debug;
		};
		A32894211E4C46DD003453B6 /* Release */ = {
			isa = XCBuildConfiguration;
			buildSettings = {
				ASSETCATALOG_COMPILER_APPICON_NAME = AppIcon;
				CLANG_ENABLE_MODULES = YES;
				DEVELOPMENT_TEAM = 6XVY45KN56;
				INFOPLIST_FILE = Example/Info.plist;
				IPHONEOS_DEPLOYMENT_TARGET = 8.0;
				LD_RUNPATH_SEARCH_PATHS = "$(inherited) @executable_path/Frameworks";
				PRODUCT_BUNDLE_IDENTIFIER = com.GRSource.GRTabBarController;
				PRODUCT_NAME = "$(TARGET_NAME)";
				SWIFT_VERSION = 3.0;
			};
			name = Release;
		};
/* End XCBuildConfiguration section */

/* Begin XCConfigurationList section */
		A32894081E4C46DC003453B6 /* Build configuration list for PBXProject "GRTabBarController" */ = {
			isa = XCConfigurationList;
			buildConfigurations = (
				A328941D1E4C46DD003453B6 /* Debug */,
				A328941E1E4C46DD003453B6 /* Release */,
			);
			defaultConfigurationIsVisible = 0;
			defaultConfigurationName = Release;
		};
		A328941F1E4C46DD003453B6 /* Build configuration list for PBXNativeTarget "GRTabBarController" */ = {
			isa = XCConfigurationList;
			buildConfigurations = (
				A32894201E4C46DD003453B6 /* Debug */,
				A32894211E4C46DD003453B6 /* Release */,
			);
			defaultConfigurationIsVisible = 0;
			defaultConfigurationName = Release;
		};
/* End XCConfigurationList section */
	};
	rootObject = A32894051E4C46DC003453B6 /* Project object */;
}
